{
  "requires": true,
  "lockfileVersion": 1,
  "dependencies": {
    "@esri/arcgis-to-geojson-utils": {
      "version": "1.3.0",
      "resolved": "https://registry.npmjs.org/@esri/arcgis-to-geojson-utils/-/arcgis-to-geojson-utils-1.3.0.tgz",
      "integrity": "sha512-8yPorlHeU63U6aT7RJbgSfXGKTZtnQz7Os8Qw96PW2lXJ+g1CRe5L/G8h5qtYHqt5VM4yCUGIhzHHYxdGzanLQ=="
    },
    "@types/arcgis-js-api": {
      "version": "4.8.1",
      "resolved": "https://registry.npmjs.org/@types/arcgis-js-api/-/arcgis-js-api-4.8.1.tgz",
      "integrity": "sha512-NMDY0J0Vg/8i3/89K/o2CABq9uICEA6CZ4Y0YzRIa3WVoXOI2HEWZlZ66wVlUl2IS/7IFUOIG3NpOnw8n4ip3w=="
    },
    "asap": {
      "version": "2.0.6",
      "resolved": "https://registry.npmjs.org/asap/-/asap-2.0.6.tgz",
      "integrity": "sha1-5QNHYR1+aQlDIIu9r+vLwvuGbUY="
    },
    "chance": {
      "version": "1.0.16",
      "resolved": "https://registry.npmjs.org/chance/-/chance-1.0.16.tgz",
      "integrity": "sha512-2bgDHH5bVfAXH05SPtjqrsASzZ7h90yCuYT2z4mkYpxxYvJXiIydBFzVieVHZx7wLH1Ag2Azaaej2/zA1XUrNQ=="
    },
    "core-js": {
      "version": "1.2.7",
      "resolved": "https://registry.npmjs.org/core-js/-/core-js-1.2.7.tgz",
      "integrity": "sha1-ZSKUwUZR2yj6k70tX/KYOk8IxjY="
    },
    "encoding": {
      "version": "0.1.12",
      "resolved": "https://registry.npmjs.org/encoding/-/encoding-0.1.12.tgz",
      "integrity": "sha1-U4tm8+5izRq1HsMjgp0flIDHS+s=",
      "requires": {
        "iconv-lite": "~0.4.13"
      }
    },
    "esri-leaflet": {
      "version": "2.2.3",
      "resolved": "https://registry.npmjs.org/esri-leaflet/-/esri-leaflet-2.2.3.tgz",
      "integrity": "sha512-4h+Ygr6jaTsTsuj7fW8JTCft4dkIZ8IPzb/EEkf5W+5PQnXcilwPO0d2MerxcFe2+DTTOV/bPcv9D1eUKiRAfw==",
      "requires": {
        "@esri/arcgis-to-geojson-utils": "^1.3.0",
        "leaflet-virtual-grid": "^1.0.7",
        "tiny-binary-search": "^1.0.3"
      }
    },
    "esri-loader": {
      "version": "2.4.0",
      "resolved": "https://registry.npmjs.org/esri-loader/-/esri-loader-2.4.0.tgz",
      "integrity": "sha1-acfbpnTBjTomHgIqAVtQF0/d1Zc="
    },
    "fbjs": {
      "version": "0.8.17",
      "resolved": "https://registry.npmjs.org/fbjs/-/fbjs-0.8.17.tgz",
      "integrity": "sha1-xNWY6taUkRJlPWWIsBpc3Nn5D90=",
      "requires": {
        "core-js": "^1.0.0",
        "isomorphic-fetch": "^2.1.1",
        "loose-envify": "^1.0.0",
        "object-assign": "^4.1.0",
        "promise": "^7.1.1",
        "setimmediate": "^1.0.5",
        "ua-parser-js": "^0.7.18"
      }
    },
    "iconv-lite": {
      "version": "0.4.24",
      "resolved": "https://registry.npmjs.org/iconv-lite/-/iconv-lite-0.4.24.tgz",
      "integrity": "sha512-v3MXnZAcvnywkTUEZomIActle7RXXeedOR31wwl7VlyoXO4Qi9arvSenNQWne1TcRwhCL1HwLI21bEqdpj8/rA==",
      "requires": {
        "safer-buffer": ">= 2.1.2 < 3"
      }
    },
    "is-stream": {
      "version": "1.1.0",
      "resolved": "https://registry.npmjs.org/is-stream/-/is-stream-1.1.0.tgz",
      "integrity": "sha1-EtSj3U5o4Lec6428hBc66A2RykQ="
    },
    "isomorphic-fetch": {
      "version": "2.2.1",
      "resolved": "https://registry.npmjs.org/isomorphic-fetch/-/isomorphic-fetch-2.2.1.tgz",
      "integrity": "sha1-YRrhrPFPXoH3KVB0coGf6XM1WKk=",
      "requires": {
        "node-fetch": "^1.0.1",
        "whatwg-fetch": ">=0.10.0"
      }
    },
    "js-tokens": {
      "version": "4.0.0",
      "resolved": "https://registry.npmjs.org/js-tokens/-/js-tokens-4.0.0.tgz",
      "integrity": "sha512-RdJUflcE3cUzKiMqQgsCu06FPu9UdIJO0beYbPhHN4k6apgJtifcoCtT9bcxOpYBtpD2kCM6Sbzg4CausW/PKQ=="
    },
    "keycloak-js": {
      "version": "4.2.1",
      "resolved": "https://registry.npmjs.org/keycloak-js/-/keycloak-js-4.2.1.tgz",
      "integrity": "sha1-HK5oYLYBzM+BT95eFcfo2AvPG+o="
    },
    "leaflet": {
      "version": "0.7.7",
      "resolved": "https://registry.npmjs.org/leaflet/-/leaflet-0.7.7.tgz",
      "integrity": "sha1-HjUrpU5j0HZFH6NjyQCJDLLPde4="
    },
    "leaflet-virtual-grid": {
      "version": "1.0.7",
      "resolved": "https://registry.npmjs.org/leaflet-virtual-grid/-/leaflet-virtual-grid-1.0.7.tgz",
      "integrity": "sha512-sJxWYPcIKwMTewE+z8OFzfZHsbZcniQgTcreVdIQnxSRf+1XpMp+c4QKAWRKTBRmWOhEGyQO0Z90CLANJ9jRUQ==",
      "requires": {
        "leaflet": "^1.0.0"
      },
      "dependencies": {
        "leaflet": {
          "version": "1.3.4",
          "resolved": "https://registry.npmjs.org/leaflet/-/leaflet-1.3.4.tgz",
          "integrity": "sha512-FYL1LGFdj6v+2Ifpw+AcFIuIOqjNggfoLUwuwQv6+3sS21Za7Wvapq+LhbSE4NDXrEj6eYnW3y7LsaBICpyXtw=="
        }
      }
    },
    "loose-envify": {
      "version": "1.4.0",
      "resolved": "https://registry.npmjs.org/loose-envify/-/loose-envify-1.4.0.tgz",
      "integrity": "sha512-lyuxPGr/Wfhrlem2CL/UcnUc1zcqKAImBDzukY7Y5F/yQiNdko6+fRLevlw1HgMySw7f611UIY408EtxRSoK3Q==",
      "requires": {
        "js-tokens": "^3.0.0 || ^4.0.0"
      }
    },
    "node-fetch": {
      "version": "1.7.3",
      "resolved": "https://registry.npmjs.org/node-fetch/-/node-fetch-1.7.3.tgz",
      "integrity": "sha512-NhZ4CsKx7cYm2vSrBAr2PvFOe6sWDf0UYLRqA6svUYg7+/TSfVAu49jYC4BvQ4Sms9SZgdqGBgroqfDhJdTyKQ==",
      "requires": {
        "encoding": "^0.1.11",
        "is-stream": "^1.0.1"
      }
    },
    "object-assign": {
      "version": "4.1.1",
      "resolved": "https://registry.npmjs.org/object-assign/-/object-assign-4.1.1.tgz",
      "integrity": "sha1-IQmtx5ZYh8/AXLvUQsrIv7s2CGM="
    },
    "promise": {
      "version": "7.3.1",
      "resolved": "https://registry.npmjs.org/promise/-/promise-7.3.1.tgz",
      "integrity": "sha512-nolQXZ/4L+bP/UGlkfaIujX9BKxGwmQ9OT4mOt5yvy8iK1h3wqTEJCijzGANTCCl9nWjY41juyAn2K3Q1hLLTg==",
      "requires": {
        "asap": "~2.0.3"
      }
    },
    "prop-types": {
      "version": "15.6.2",
      "resolved": "https://registry.npmjs.org/prop-types/-/prop-types-15.6.2.tgz",
      "integrity": "sha512-3pboPvLiWD7dkI3qf3KbUe6hKFKa52w+AE0VCqECtf+QHAKgOL37tTaNCnuX1nAAQ4ZhyP+kYVKf8rLmJ/feDQ==",
      "requires": {
        "loose-envify": "^1.3.1",
        "object-assign": "^4.1.1"
      }
    },
    "react": {
      "version": "16.4.2",
      "resolved": "https://registry.npmjs.org/react/-/react-16.4.2.tgz",
      "integrity": "sha512-dMv7YrbxO4y2aqnvA7f/ik9ibeLSHQJTI6TrYAenPSaQ6OXfb+Oti+oJiy8WBxgRzlKatYqtCjphTgDSCEiWFg==",
      "requires": {
        "fbjs": "^0.8.16",
        "loose-envify": "^1.1.0",
        "object-assign": "^4.1.1",
        "prop-types": "^15.6.0"
      }
    },
    "react-arcgis": {
      "version": "3.3.2",
      "resolved": "https://registry.npmjs.org/react-arcgis/-/react-arcgis-3.3.2.tgz",
      "integrity": "sha512-e7Py8No4OHpocOvTFQLVempml9sU46obs63OfNEs9DMJxZrOdu5DmJ4kGI1Eb+D9+hKaD8R9toIVIFE6BQFG8g==",
      "requires": {
        "@types/arcgis-js-api": "^4.8.1",
        "esri-loader": "^2.4.0",
        "react": "^16.4.2",
        "react-dom": "^16.4.2"
      }
    },
    "react-dom": {
      "version": "16.4.2",
      "resolved": "https://registry.npmjs.org/react-dom/-/react-dom-16.4.2.tgz",
      "integrity": "sha512-Usl73nQqzvmJN+89r97zmeUpQDKDlh58eX6Hbs/ERdDHzeBzWy+ENk7fsGQ+5KxArV1iOFPT46/VneklK9zoWw==",
      "requires": {
        "fbjs": "^0.8.16",
        "loose-envify": "^1.1.0",
        "object-assign": "^4.1.1",
        "prop-types": "^15.6.0"
      }
    },
    "safer-buffer": {
      "version": "2.1.2",
      "resolved": "https://registry.npmjs.org/safer-buffer/-/safer-buffer-2.1.2.tgz",
      "integrity": "sha512-YZo3K82SD7Riyi0E1EQPojLz7kpepnSQI9IyPbHHg1XXXevb5dJI7tpyN2ADxGcQbHG7vcyRHk0cbwqcQriUtg=="
    },
    "setimmediate": {
      "version": "1.0.5",
      "resolved": "https://registry.npmjs.org/setimmediate/-/setimmediate-1.0.5.tgz",
      "integrity": "sha1-KQy7Iy4waULX1+qbg3Mqt4VvgoU="
    },
    "tiny-binary-search": {
      "version": "1.0.3",
      "resolved": "https://registry.npmjs.org/tiny-binary-search/-/tiny-binary-search-1.0.3.tgz",
      "integrity": "sha512-STSHX/L5nI9WTLv6wrzJbAPbO7OIISX83KFBh2GVbX1Uz/vgZOU/ANn/8iV6t35yMTpoPzzO+3OQid3mifE0CA=="
    },
    "ua-parser-js": {
      "version": "0.7.18",
      "resolved": "https://registry.npmjs.org/ua-parser-js/-/ua-parser-js-0.7.18.tgz",
      "integrity": "sha512-LtzwHlVHwFGTptfNSgezHp7WUlwiqb0gA9AALRbKaERfxwJoiX0A73QbTToxteIAuIaFshhgIZfqK8s7clqgnA=="
    },
    "whatwg-fetch": {
      "version": "2.0.4",
      "resolved": "https://registry.npmjs.org/whatwg-fetch/-/whatwg-fetch-2.0.4.tgz",
      "integrity": "sha512-dcQ1GWpOD/eEQ97k66aiEVpNnapVj90/+R+SXTPYGHpYBBypfKJEQjLrvMZ7YXbKm21gXd4NcuxUTjiv1YtLng=="
    }
  }
}
