{
  "requires": true,
  "lockfileVersion": 1,
  "dependencies": {
    "add-dom-event-listener": {
      "version": "1.1.0",
      "resolved": "https://registry.npmjs.org/add-dom-event-listener/-/add-dom-event-listener-1.1.0.tgz",
      "integrity": "sha512-WCxx1ixHT0GQU9hb0KI/mhgRQhnU+U3GvwY6ZvVjYq8rsihIGoaIOUbY0yMPBxLH5MDtr0kz3fisWGNcbWW7Jw==",
      "requires": {
        "object-assign": "4.x"
      }
    },
    "antd-mobile": {
      "version": "2.2.6",
      "resolved": "https://registry.npmjs.org/antd-mobile/-/antd-mobile-2.2.6.tgz",
      "integrity": "sha512-E09BQ9YTExluOZM24j26p0evht5147K6OVzQCfnOAvPeuNXjDHADOJd2Qmaq1RFylP/pEPT1nxDH/eSsna9Psw==",
      "requires": {
        "array-tree-filter": "~2.1.0",
        "babel-runtime": "6.x",
        "classnames": "^2.2.1",
        "normalize.css": "^7.0.0",
        "rc-checkbox": "~2.0.0",
        "rc-collapse": "~1.9.1",
        "rc-slider": "~8.2.0",
        "rc-swipeout": "~2.0.0",
        "rmc-calendar": "^1.0.0",
        "rmc-cascader": "~5.0.0",
        "rmc-date-picker": "^6.0.8",
        "rmc-dialog": "^1.0.1",
        "rmc-drawer": "^0.4.11",
        "rmc-feedback": "^2.0.0",
        "rmc-input-number": "^1.0.0",
        "rmc-list-view": "^0.11.0",
        "rmc-notification": "~1.0.0",
        "rmc-nuka-carousel": "~3.0.0",
        "rmc-picker": "~5.0.0",
        "rmc-pull-to-refresh": "~1.0.1",
        "rmc-steps": "~1.0.0",
        "rmc-tabs": "~1.2.0",
        "rmc-tooltip": "~1.0.0"
      }
    },
    "array-tree-filter": {
      "version": "2.1.0",
      "resolved": "https://registry.npmjs.org/array-tree-filter/-/array-tree-filter-2.1.0.tgz",
      "integrity": "sha512-4ROwICNlNw/Hqa9v+rk5h22KjmzB1JGTMVKP2AKJBOCgb0yL0ASf0+YvCcLNNwquOHNX48jkeZIJ3a+oOQqKcw=="
    },
    "asap": {
      "version": "2.0.6",
      "resolved": "https://registry.npmjs.org/asap/-/asap-2.0.6.tgz",
      "integrity": "sha1-5QNHYR1+aQlDIIu9r+vLwvuGbUY="
    },
    "babel-runtime": {
      "version": "6.26.0",
      "resolved": "https://registry.npmjs.org/babel-runtime/-/babel-runtime-6.26.0.tgz",
      "integrity": "sha1-llxwWGaOgrVde/4E/yM3vItWR/4=",
      "requires": {
        "core-js": "^2.4.0",
        "regenerator-runtime": "^0.11.0"
      }
    },
    "classnames": {
      "version": "2.2.6",
      "resolved": "https://registry.npmjs.org/classnames/-/classnames-2.2.6.tgz",
      "integrity": "sha512-JR/iSQOSt+LQIWwrwEzJ9uk0xfN3mTVYMwt1Ir5mUcSN6pU+V4zQFFaJsclJbPuAUQH+yfWef6tm7l1quW3C8Q=="
    },
    "component-classes": {
      "version": "1.2.6",
      "resolved": "https://registry.npmjs.org/component-classes/-/component-classes-1.2.6.tgz",
      "integrity": "sha1-xkI5TDYYpNiwuJGe/Mu9kw5c1pE=",
      "requires": {
        "component-indexof": "0.0.3"
      }
    },
    "component-indexof": {
      "version": "0.0.3",
      "resolved": "https://registry.npmjs.org/component-indexof/-/component-indexof-0.0.3.tgz",
      "integrity": "sha1-EdCRMSI5648yyPJa6csAL/6NPCQ="
    },
    "core-js": {
      "version": "2.5.7",
      "resolved": "https://registry.npmjs.org/core-js/-/core-js-2.5.7.tgz",
      "integrity": "sha512-RszJCAxg/PP6uzXVXL6BsxSXx/B05oJAQ2vkJRjyjrEcNVycaqOmNb5OTxZPE3xa5gwZduqza6L9JOCenh/Ecw=="
    },
    "create-react-class": {
      "version": "15.6.3",
      "resolved": "https://registry.npmjs.org/create-react-class/-/create-react-class-15.6.3.tgz",
      "integrity": "sha512-M+/3Q6E6DLO6Yx3OwrWjwHBnvfXXYA7W+dFjt/ZDBemHO1DDZhsalX/NUtnTYclN6GfnBDRh4qRHjcDHmlJBJg==",
      "requires": {
        "fbjs": "^0.8.9",
        "loose-envify": "^1.3.1",
        "object-assign": "^4.1.1"
      }
    },
    "css-animation": {
      "version": "1.5.0",
      "resolved": "https://registry.npmjs.org/css-animation/-/css-animation-1.5.0.tgz",
      "integrity": "sha512-hWYoWiOZ7Vr20etzLh3kpWgtC454tW5vn4I6rLANDgpzNSkO7UfOqyCEeaoBSG9CYWQpRkFWTWbWW8o3uZrNLw==",
      "requires": {
        "babel-runtime": "6.x",
        "component-classes": "^1.2.5"
      }
    },
    "css-mediaquery": {
      "version": "0.1.2",
      "resolved": "https://registry.npmjs.org/css-mediaquery/-/css-mediaquery-0.1.2.tgz",
      "integrity": "sha1-aiw3NEkoYYYxxUvTPO3TAdoYvqA="
    },
    "dom-align": {
      "version": "1.8.0",
      "resolved": "https://registry.npmjs.org/dom-align/-/dom-align-1.8.0.tgz",
      "integrity": "sha512-B85D4ef2Gj5lw0rK0KM2+D5/pH7yqNxg2mB+E8uzFaolpm7RQmsxEfjyEuNiF8UBBkffumYDeKRzTzc3LePP+w=="
    },
    "encoding": {
      "version": "0.1.12",
      "resolved": "https://registry.npmjs.org/encoding/-/encoding-0.1.12.tgz",
      "integrity": "sha1-U4tm8+5izRq1HsMjgp0flIDHS+s=",
      "requires": {
        "iconv-lite": "~0.4.13"
      }
    },
    "exenv": {
      "version": "1.2.2",
      "resolved": "https://registry.npmjs.org/exenv/-/exenv-1.2.2.tgz",
      "integrity": "sha1-KueOhdmJQVhnCwPUe+wfA72Ru50="
    },
    "fbjs": {
      "version": "0.8.17",
      "resolved": "https://registry.npmjs.org/fbjs/-/fbjs-0.8.17.tgz",
      "integrity": "sha1-xNWY6taUkRJlPWWIsBpc3Nn5D90=",
      "requires": {
        "core-js": "^1.0.0",
        "isomorphic-fetch": "^2.1.1",
        "loose-envify": "^1.0.0",
        "object-assign": "^4.1.0",
        "promise": "^7.1.1",
        "setimmediate": "^1.0.5",
        "ua-parser-js": "^0.7.18"
      },
      "dependencies": {
        "core-js": {
          "version": "1.2.7",
          "resolved": "http://registry.npmjs.org/core-js/-/core-js-1.2.7.tgz",
          "integrity": "sha1-ZSKUwUZR2yj6k70tX/KYOk8IxjY="
        }
      }
    },
    "hyphenate-style-name": {
      "version": "1.0.2",
      "resolved": "https://registry.npmjs.org/hyphenate-style-name/-/hyphenate-style-name-1.0.2.tgz",
      "integrity": "sha1-MRYKNpMK2vH8BMYHT360FGXU7Es="
    },
    "iconv-lite": {
      "version": "0.4.24",
      "resolved": "https://registry.npmjs.org/iconv-lite/-/iconv-lite-0.4.24.tgz",
      "integrity": "sha512-v3MXnZAcvnywkTUEZomIActle7RXXeedOR31wwl7VlyoXO4Qi9arvSenNQWne1TcRwhCL1HwLI21bEqdpj8/rA==",
      "requires": {
        "safer-buffer": ">= 2.1.2 < 3"
      }
    },
    "is-stream": {
      "version": "1.1.0",
      "resolved": "https://registry.npmjs.org/is-stream/-/is-stream-1.1.0.tgz",
      "integrity": "sha1-EtSj3U5o4Lec6428hBc66A2RykQ="
    },
    "isomorphic-fetch": {
      "version": "2.2.1",
      "resolved": "https://registry.npmjs.org/isomorphic-fetch/-/isomorphic-fetch-2.2.1.tgz",
      "integrity": "sha1-YRrhrPFPXoH3KVB0coGf6XM1WKk=",
      "requires": {
        "node-fetch": "^1.0.1",
        "whatwg-fetch": ">=0.10.0"
      }
    },
    "js-tokens": {
      "version": "4.0.0",
      "resolved": "https://registry.npmjs.org/js-tokens/-/js-tokens-4.0.0.tgz",
      "integrity": "sha512-RdJUflcE3cUzKiMqQgsCu06FPu9UdIJO0beYbPhHN4k6apgJtifcoCtT9bcxOpYBtpD2kCM6Sbzg4CausW/PKQ=="
    },
    "lodash._getnative": {
      "version": "3.9.1",
      "resolved": "https://registry.npmjs.org/lodash._getnative/-/lodash._getnative-3.9.1.tgz",
      "integrity": "sha1-VwvH3t5G1hzc3mh9ZdPuy6o6r/U="
    },
    "lodash.isarguments": {
      "version": "3.1.0",
      "resolved": "https://registry.npmjs.org/lodash.isarguments/-/lodash.isarguments-3.1.0.tgz",
      "integrity": "sha1-L1c9hcaiQon/AGY7SRwdM4/zRYo="
    },
    "lodash.isarray": {
      "version": "3.0.4",
      "resolved": "https://registry.npmjs.org/lodash.isarray/-/lodash.isarray-3.0.4.tgz",
      "integrity": "sha1-eeTriMNqgSKvhvhEqpvNhRtfu1U="
    },
    "lodash.keys": {
      "version": "3.1.2",
      "resolved": "https://registry.npmjs.org/lodash.keys/-/lodash.keys-3.1.2.tgz",
      "integrity": "sha1-TbwEcrFWvlCgsoaFXRvQsMZWCYo=",
      "requires": {
        "lodash._getnative": "^3.0.0",
        "lodash.isarguments": "^3.0.0",
        "lodash.isarray": "^3.0.0"
      }
    },
    "loose-envify": {
      "version": "1.4.0",
      "resolved": "https://registry.npmjs.org/loose-envify/-/loose-envify-1.4.0.tgz",
      "integrity": "sha512-lyuxPGr/Wfhrlem2CL/UcnUc1zcqKAImBDzukY7Y5F/yQiNdko6+fRLevlw1HgMySw7f611UIY408EtxRSoK3Q==",
      "requires": {
        "js-tokens": "^3.0.0 || ^4.0.0"
      }
    },
    "matchmediaquery": {
      "version": "0.3.0",
      "resolved": "https://registry.npmjs.org/matchmediaquery/-/matchmediaquery-0.3.0.tgz",
      "integrity": "sha512-u0dlv+VENJ+3YepvwSPBieuvnA6DWfaYa/ctwysAR13y4XLJNyt7bEVKzNj/Nvjo+50d88Pj+xL9xaSo6JmX/w==",
      "requires": {
        "css-mediaquery": "^0.1.2"
      }
    },
    "node-fetch": {
      "version": "1.7.3",
      "resolved": "https://registry.npmjs.org/node-fetch/-/node-fetch-1.7.3.tgz",
      "integrity": "sha512-NhZ4CsKx7cYm2vSrBAr2PvFOe6sWDf0UYLRqA6svUYg7+/TSfVAu49jYC4BvQ4Sms9SZgdqGBgroqfDhJdTyKQ==",
      "requires": {
        "encoding": "^0.1.11",
        "is-stream": "^1.0.1"
      }
    },
    "normalize.css": {
      "version": "7.0.0",
      "resolved": "https://registry.npmjs.org/normalize.css/-/normalize.css-7.0.0.tgz",
      "integrity": "sha1-q/sd2CRwZ04DIrU86xqvQSk45L8="
    },
    "object-assign": {
      "version": "4.1.1",
      "resolved": "https://registry.npmjs.org/object-assign/-/object-assign-4.1.1.tgz",
      "integrity": "sha1-IQmtx5ZYh8/AXLvUQsrIv7s2CGM="
    },
    "performance-now": {
      "version": "2.1.0",
      "resolved": "https://registry.npmjs.org/performance-now/-/performance-now-2.1.0.tgz",
      "integrity": "sha1-Ywn04OX6kT7BxpMHrjZLSzd8nns="
    },
    "promise": {
      "version": "7.3.1",
      "resolved": "https://registry.npmjs.org/promise/-/promise-7.3.1.tgz",
      "integrity": "sha512-nolQXZ/4L+bP/UGlkfaIujX9BKxGwmQ9OT4mOt5yvy8iK1h3wqTEJCijzGANTCCl9nWjY41juyAn2K3Q1hLLTg==",
      "requires": {
        "asap": "~2.0.3"
      }
    },
    "prop-types": {
      "version": "15.6.2",
      "resolved": "https://registry.npmjs.org/prop-types/-/prop-types-15.6.2.tgz",
      "integrity": "sha512-3pboPvLiWD7dkI3qf3KbUe6hKFKa52w+AE0VCqECtf+QHAKgOL37tTaNCnuX1nAAQ4ZhyP+kYVKf8rLmJ/feDQ==",
      "requires": {
        "loose-envify": "^1.3.1",
        "object-assign": "^4.1.1"
      }
    },
    "raf": {
      "version": "3.4.1",
      "resolved": "https://registry.npmjs.org/raf/-/raf-3.4.1.tgz",
      "integrity": "sha512-Sq4CW4QhwOHE8ucn6J34MqtZCeWFP2aQSmrlroYgqAV1PjStIhJXxYuTgUIfkEk7zTLjmIjLmU5q+fbD1NnOJA==",
      "requires": {
        "performance-now": "^2.1.0"
      }
    },
    "rc-align": {
      "version": "2.4.3",
      "resolved": "https://registry.npmjs.org/rc-align/-/rc-align-2.4.3.tgz",
      "integrity": "sha512-h5KgyB5IXYR7iKpYFcMr54cuQ2eozPCZ11kbXPG5+6CWvmyJ+c0R/yjndVndiNk2G3MKcTMbJNdDv5DIckLAxQ==",
      "requires": {
        "babel-runtime": "^6.26.0",
        "dom-align": "^1.7.0",
        "prop-types": "^15.5.8",
        "rc-util": "^4.0.4"
      }
    },
    "rc-animate": {
      "version": "2.5.4",
      "resolved": "https://registry.npmjs.org/rc-animate/-/rc-animate-2.5.4.tgz",
      "integrity": "sha512-aYisNYRuOvH+r5/nxEHHUzk1celxPg4nMUOuBGHd77c6NZbZ5fcjHFgWF3/nPdRPbLaqY4Z7Q317EcLO41fOvQ==",
      "requires": {
        "babel-runtime": "6.x",
        "classnames": "^2.2.6",
        "css-animation": "^1.3.2",
        "prop-types": "15.x",
        "raf": "^3.4.0",
        "react-lifecycles-compat": "^3.0.4"
      }
    },
    "rc-checkbox": {
      "version": "2.0.3",
      "resolved": "https://registry.npmjs.org/rc-checkbox/-/rc-checkbox-2.0.3.tgz",
      "integrity": "sha1-Q2qdUIlI4iSYDwU16nOLSBd6jyU=",
      "requires": {
        "babel-runtime": "^6.23.0",
        "classnames": "2.x",
        "prop-types": "15.x",
        "rc-util": "^4.0.4"
      }
    },
    "rc-collapse": {
      "version": "1.9.3",
      "resolved": "https://registry.npmjs.org/rc-collapse/-/rc-collapse-1.9.3.tgz",
      "integrity": "sha512-8cG+FzudmgFCC9zRGKXJZA36zoI9Dmyjp6UDi8N80sXUch0JOpsZDxgcFzw4HPpPpK/dARtTilEe9zyuspnW0w==",
      "requires": {
        "classnames": "2.x",
        "css-animation": "1.x",
        "prop-types": "^15.5.6",
        "rc-animate": "2.x"
      }
    },
    "rc-gesture": {
      "version": "0.0.22",
      "resolved": "https://registry.npmjs.org/rc-gesture/-/rc-gesture-0.0.22.tgz",
      "integrity": "sha512-6G6qrCE0MUTXyjh/powj91XkjRjoFL4HiJLPU5lALXHvGX+/efcUjGYUrHrrw0mwQdmrmg4POqnY/bibns+G3g==",
      "requires": {
        "babel-runtime": "6.x"
      }
    },
    "rc-slider": {
      "version": "8.2.0",
      "resolved": "https://registry.npmjs.org/rc-slider/-/rc-slider-8.2.0.tgz",
      "integrity": "sha1-rjfRcUTK1g4dpurA7k/8/qCwpug=",
      "requires": {
        "babel-runtime": "6.x",
        "classnames": "^2.2.5",
        "prop-types": "^15.5.4",
        "rc-tooltip": "^3.4.2",
        "rc-util": "^4.0.4",
        "shallowequal": "^1.0.1",
        "warning": "^3.0.0"
      },
      "dependencies": {
        "shallowequal": {
          "version": "1.1.0",
          "resolved": "https://registry.npmjs.org/shallowequal/-/shallowequal-1.1.0.tgz",
          "integrity": "sha512-y0m1JoUZSlPAjXVtPPW70aZWfIL/dSP7AFkRnniLCrK/8MDKog3TySTBmckD+RObVxH0v4Tox67+F14PdED2oQ=="
        }
      }
    },
    "rc-swipeout": {
      "version": "2.0.11",
      "resolved": "https://registry.npmjs.org/rc-swipeout/-/rc-swipeout-2.0.11.tgz",
      "integrity": "sha512-d37Lgn4RX4OOQyuA2BFo0rGlUwrmZk5q83srH3ixJ1Y1jidr2GKjgJDbNeGUVZPNfYBL91Elu6+xfVGftWf4Lg==",
      "requires": {
        "babel-runtime": "6.x",
        "classnames": "2.x",
        "rc-gesture": "~0.0.22",
        "react-native-swipeout": "^2.2.2"
      }
    },
    "rc-tooltip": {
      "version": "3.7.3",
      "resolved": "https://registry.npmjs.org/rc-tooltip/-/rc-tooltip-3.7.3.tgz",
      "integrity": "sha512-dE2ibukxxkrde7wH9W8ozHKUO4aQnPZ6qBHtrTH9LoO836PjDdiaWO73fgPB05VfJs9FbZdmGPVEbXCeOP99Ww==",
      "requires": {
        "babel-runtime": "6.x",
        "prop-types": "^15.5.8",
        "rc-trigger": "^2.2.2"
      }
    },
    "rc-trigger": {
      "version": "2.6.2",
      "resolved": "https://registry.npmjs.org/rc-trigger/-/rc-trigger-2.6.2.tgz",
      "integrity": "sha512-op4xCu95/gdHVaysyxxiYxbY+Z+UcIBSUY9nQfLqm1FlitdtnAN+owD5iMPfnnsRXntgcQ5+RdYKNUFQT5DjzA==",
      "requires": {
        "babel-runtime": "6.x",
        "classnames": "^2.2.6",
        "prop-types": "15.x",
        "rc-align": "^2.4.0",
        "rc-animate": "2.x",
        "rc-util": "^4.4.0"
      }
    },
    "rc-util": {
      "version": "4.6.0",
      "resolved": "https://registry.npmjs.org/rc-util/-/rc-util-4.6.0.tgz",
      "integrity": "sha512-rbgrzm1/i8mgfwOI4t1CwWK7wGe+OwX+dNa7PVMgxZYPBADGh86eD4OcJO1UKGeajIMDUUKMluaZxvgraQIOmw==",
      "requires": {
        "add-dom-event-listener": "^1.1.0",
        "babel-runtime": "6.x",
        "prop-types": "^15.5.10",
        "shallowequal": "^0.2.2"
      }
    },
    "react-lifecycles-compat": {
      "version": "3.0.4",
      "resolved": "https://registry.npmjs.org/react-lifecycles-compat/-/react-lifecycles-compat-3.0.4.tgz",
      "integrity": "sha512-fBASbA6LnOU9dOU2eW7aQ8xmYBSXUIWr+UmF9b1efZBazGNO+rcXT/icdKnYm2pTwcRylVUYwW7H1PHfLekVzA=="
    },
    "react-native-swipeout": {
      "version": "2.3.6",
      "resolved": "https://registry.npmjs.org/react-native-swipeout/-/react-native-swipeout-2.3.6.tgz",
      "integrity": "sha512-t9suUCspzck4vp2pWggWe0frS/QOtX6yYCawHnEes75A7dZCEE74bxX2A1bQzGH9cUMjq6xsdfC94RbiDKIkJg==",
      "requires": {
        "create-react-class": "^15.6.0",
        "prop-types": "^15.5.10",
        "react-tween-state": "^0.1.5"
      }
    },
    "react-responsive": {
      "version": "5.0.0",
      "resolved": "https://registry.npmjs.org/react-responsive/-/react-responsive-5.0.0.tgz",
      "integrity": "sha512-oEimZ0FTCC3/pjGDEBHOz06nWbBNDIbMGOdRYp6K9SBUmrqgNAX77hTiqvmRQeLyI97zz4F4kiaFRxFspDxE+w==",
      "requires": {
        "hyphenate-style-name": "^1.0.0",
        "matchmediaquery": "^0.3.0",
        "prop-types": "^15.6.1"
      }
    },
    "react-tween-state": {
      "version": "0.1.5",
      "resolved": "https://registry.npmjs.org/react-tween-state/-/react-tween-state-0.1.5.tgz",
      "integrity": "sha1-6YsGZVHvuTy5LdG+FJlcLj3q4zk=",
      "requires": {
        "raf": "^3.1.0",
        "tween-functions": "^1.0.1"
      }
    },
    "regenerator-runtime": {
      "version": "0.11.1",
      "resolved": "https://registry.npmjs.org/regenerator-runtime/-/regenerator-runtime-0.11.1.tgz",
      "integrity": "sha512-MguG95oij0fC3QV3URf4V2SDYGJhJnJGqvIIgdECeODCT98wSWDAJ94SSuVpYQUoTcGUIL6L4yNB7j1DFFHSBg=="
    },
    "rmc-align": {
      "version": "1.0.0",
      "resolved": "https://registry.npmjs.org/rmc-align/-/rmc-align-1.0.0.tgz",
      "integrity": "sha512-3gEa5/+hqqoEVoeQ25KoRc8DOsXIdSaVpaBq1zQFaV941LR3xvZIRTlxTDT/IagYwoGM1KZea/jd7cNMYP34Rg==",
      "requires": {
        "babel-runtime": "6.x",
        "dom-align": "1.x",
        "rc-util": "4.x"
      }
    },
    "rmc-calendar": {
      "version": "1.1.4",
      "resolved": "https://registry.npmjs.org/rmc-calendar/-/rmc-calendar-1.1.4.tgz",
      "integrity": "sha512-xxQZaPFDnpHt4IFO8mukYrXSgC1W8LcNVp+EoX4iyeOJFimungOKB/iP5/cy+st8yXq8lUgk9TXsHNtM6Xo6ZA==",
      "requires": {
        "babel-runtime": "^6.26.0",
        "rc-animate": "^2.4.4",
        "rmc-date-picker": "^6.0.8"
      }
    },
    "rmc-cascader": {
      "version": "5.0.2",
      "resolved": "https://registry.npmjs.org/rmc-cascader/-/rmc-cascader-5.0.2.tgz",
      "integrity": "sha512-faf/nsJtW7hlwu+GTnm/o2Nqm7Ph2gvzUjQXRKNT/CdXcgZKWikX1Kxr0u9CdhfJvqiOQHB3Oy3zdwGAB5Cd5Q==",
      "requires": {
        "array-tree-filter": "1.0.x",
        "babel-runtime": "6.x",
        "rmc-picker": "~5.0.0"
      },
      "dependencies": {
        "array-tree-filter": {
          "version": "1.0.1",
          "resolved": "https://registry.npmjs.org/array-tree-filter/-/array-tree-filter-1.0.1.tgz",
          "integrity": "sha1-CorR7v04zoiFhjL5zAQj12NOTV0="
        }
      }
    },
    "rmc-date-picker": {
      "version": "6.0.8",
      "resolved": "https://registry.npmjs.org/rmc-date-picker/-/rmc-date-picker-6.0.8.tgz",
      "integrity": "sha512-Llohv+eNzv4pdo0WsOUNIYKOTjVeA3bZzY8J/YUE3bDxIXJEawcjxuB/QDLH2ewveL/cv/EpkYwt+r544CyL9g==",
      "requires": {
        "babel-runtime": "6.x",
        "rmc-picker": "~5.0.0"
      }
    },
    "rmc-dialog": {
      "version": "1.1.1",
      "resolved": "https://registry.npmjs.org/rmc-dialog/-/rmc-dialog-1.1.1.tgz",
      "integrity": "sha512-28aJqtPTX6v13Z/aU1WBy1AFIXkE74PxZXde7JvtEIy9hQDTjH8fqOi822BpzAbXCyNE7jF9iFomy3H2ClsDJA==",
      "requires": {
        "babel-runtime": "6.x",
        "rc-animate": "2.x"
      }
    },
    "rmc-drawer": {
      "version": "0.4.11",
      "resolved": "https://registry.npmjs.org/rmc-drawer/-/rmc-drawer-0.4.11.tgz",
      "integrity": "sha512-YfB9XEJ8iM0MMuLWAK4313uOxSM8NAljC8Cqun1KamXutglYTuRviUuTLNSOzV8HHPp5kNpsVduvPCGLWXvThw==",
      "requires": {
        "babel-runtime": "6.x",
        "classnames": "^2.2.4",
        "prop-types": "^15.5.10"
      }
    },
    "rmc-feedback": {
      "version": "2.0.0",
      "resolved": "https://registry.npmjs.org/rmc-feedback/-/rmc-feedback-2.0.0.tgz",
      "integrity": "sha512-5PWOGOW7VXks/l3JzlOU9NIxRpuaSS8d9zA3UULUCuTKnpwBHNvv1jSJzxgbbCQeYzROWUpgKI4za3X4C/mKmQ==",
      "requires": {
        "babel-runtime": "6.x",
        "classnames": "^2.2.5"
      }
    },
    "rmc-input-number": {
      "version": "1.0.5",
      "resolved": "https://registry.npmjs.org/rmc-input-number/-/rmc-input-number-1.0.5.tgz",
      "integrity": "sha512-prPkEtoOVde77GnEnEaBeWjBobMOPgGqU5bd0gxfp1kt1pUN740mMpVAcH7uxpJjVfmw+kuGWtiz4S7CueagSg==",
      "requires": {
        "babel-runtime": "6.x",
        "classnames": "^2.2.0",
        "rmc-feedback": "^2.0.0"
      }
    },
    "rmc-list-view": {
      "version": "0.11.5",
      "resolved": "https://registry.npmjs.org/rmc-list-view/-/rmc-list-view-0.11.5.tgz",
      "integrity": "sha512-eMOC5394tLNawcdEEhF7boMpQgpjJGDdL5lS+LblAWdBec7Q4EYkUdnrKNbt+O9k5RGM6nSLAGZK5oB4FN85Lg==",
      "requires": {
        "babel-runtime": "6.x",
        "classnames": "^2.2.5",
        "fbjs": "^0.8.3",
        "prop-types": "^15.5.8",
        "warning": "^3.0.0",
        "zscroller": "~0.4.0"
      }
    },
    "rmc-notification": {
      "version": "1.0.0",
      "resolved": "https://registry.npmjs.org/rmc-notification/-/rmc-notification-1.0.0.tgz",
      "integrity": "sha512-9sPxjltFvtRLt2v312Hu7OXwk53pHkBYgINRDmnJ3A5NF1qtJeCCcdN0Xr0fzJ6sbQvtGju822tWHdzYA9u7Vw==",
      "requires": {
        "babel-runtime": "6.x",
        "classnames": "2.x",
        "prop-types": "^15.5.8",
        "rc-animate": "2.x",
        "rc-util": "^4.0.4"
      }
    },
    "rmc-nuka-carousel": {
      "version": "3.0.1",
      "resolved": "https://registry.npmjs.org/rmc-nuka-carousel/-/rmc-nuka-carousel-3.0.1.tgz",
      "integrity": "sha512-w2EPTERMUUZqcUSKFuejjin7xsMlhrLrtS0A/igTXpFJGq3kemDKcRi7q3pSYDuZBHYBl5iV4UqsLLkjdFtrYA==",
      "requires": {
        "exenv": "^1.2.0",
        "raf": "^3.3.2"
      }
    },
    "rmc-picker": {
      "version": "5.0.5",
      "resolved": "https://registry.npmjs.org/rmc-picker/-/rmc-picker-5.0.5.tgz",
      "integrity": "sha512-Gycgsf3S6/sluI71WPUx167jdUHYe8kJ5seYxQN1m8z/g401V7bwr/G66d9Az7T44jlxywcQ3w3leuo1E+54Kw==",
      "requires": {
        "babel-runtime": "6.x",
        "classnames": "^2.2.0",
        "rmc-dialog": "^1.0.1",
        "rmc-feedback": "^2.0.0"
      }
    },
    "rmc-pull-to-refresh": {
      "version": "1.0.11",
      "resolved": "https://registry.npmjs.org/rmc-pull-to-refresh/-/rmc-pull-to-refresh-1.0.11.tgz",
      "integrity": "sha512-PhBk0aCj2hkqrUhYj+ue4xxRK4f4EH8jS2ltcusRqbKb3tkVNLEH4jm216YJegiVef8SnLbJb9YHHQOH1LLhlg==",
      "requires": {
        "babel-runtime": "6.x",
        "classnames": "^2.2.5"
      }
    },
    "rmc-steps": {
      "version": "1.0.0",
      "resolved": "https://registry.npmjs.org/rmc-steps/-/rmc-steps-1.0.0.tgz",
      "integrity": "sha512-VuQEPC2P4PQ7DdZDCIbGfFTfzzTwLAyey+fSJUolc4qheIE7bN4oogH2xDZurM2TTpAQHg2aMMv4E6JYyVbUqA==",
      "requires": {
        "babel-runtime": "^6.23.0",
        "classnames": "^2.2.3"
      }
    },
    "rmc-tabs": {
      "version": "1.2.27",
      "resolved": "https://registry.npmjs.org/rmc-tabs/-/rmc-tabs-1.2.27.tgz",
      "integrity": "sha512-Jlo4uQgtAaz/D4xq8bBTwOl5MqKais2Xco/WiMw+tzAa6S1PI9uieVIpyqsLuSI+kRVS38141FDYEkNS9xiJzw==",
      "requires": {
        "babel-runtime": "6.x",
        "rc-gesture": "~0.0.18"
      }
    },
    "rmc-tooltip": {
      "version": "1.0.1",
      "resolved": "https://registry.npmjs.org/rmc-tooltip/-/rmc-tooltip-1.0.1.tgz",
      "integrity": "sha512-fSDArf2BlMVrHExmBiqb2TkCRJHshvXFJQ/7tMraLellwaJLNiwrxtWpW329k3S+zTtoVG8UxFS1TjBGEsMzRg==",
      "requires": {
        "babel-runtime": "6.x",
        "rmc-trigger": "1.x"
      }
    },
    "rmc-trigger": {
      "version": "1.0.10",
      "resolved": "https://registry.npmjs.org/rmc-trigger/-/rmc-trigger-1.0.10.tgz",
      "integrity": "sha512-4mMCiCVYABN3ajID/G4Y5FzCA5GShS8bfd8Yb7TMnLKlwJoagYioML48/9WzsrH4Labo3VRCL6kj479ZCHbfGQ==",
      "requires": {
        "babel-runtime": "^6.26.0",
        "rc-animate": "^2.4.4",
        "rc-util": "^4.5.1",
        "rmc-align": "^1.0.0"
      }
    },
    "safer-buffer": {
      "version": "2.1.2",
      "resolved": "https://registry.npmjs.org/safer-buffer/-/safer-buffer-2.1.2.tgz",
      "integrity": "sha512-YZo3K82SD7Riyi0E1EQPojLz7kpepnSQI9IyPbHHg1XXXevb5dJI7tpyN2ADxGcQbHG7vcyRHk0cbwqcQriUtg=="
    },
    "setimmediate": {
      "version": "1.0.5",
      "resolved": "https://registry.npmjs.org/setimmediate/-/setimmediate-1.0.5.tgz",
      "integrity": "sha1-KQy7Iy4waULX1+qbg3Mqt4VvgoU="
    },
    "shallowequal": {
      "version": "0.2.2",
      "resolved": "https://registry.npmjs.org/shallowequal/-/shallowequal-0.2.2.tgz",
      "integrity": "sha1-HjL9W8q2rWiKSBLLDMBO/HXHAU4=",
      "requires": {
        "lodash.keys": "^3.1.2"
      }
    },
    "tween-functions": {
      "version": "1.2.0",
      "resolved": "https://registry.npmjs.org/tween-functions/-/tween-functions-1.2.0.tgz",
      "integrity": "sha1-GuOlDnxguz3vd06scHrLynO7w/8="
    },
    "ua-parser-js": {
      "version": "0.7.19",
      "resolved": "https://registry.npmjs.org/ua-parser-js/-/ua-parser-js-0.7.19.tgz",
      "integrity": "sha512-T3PVJ6uz8i0HzPxOF9SWzWAlfN/DavlpQqepn22xgve/5QecC+XMCAtmUNnY7C9StehaV6exjUCI801lOI7QlQ=="
    },
    "warning": {
      "version": "3.0.0",
      "resolved": "https://registry.npmjs.org/warning/-/warning-3.0.0.tgz",
      "integrity": "sha1-MuU3fLVy3kqwR1O9+IIcAe1gW3w=",
      "requires": {
        "loose-envify": "^1.0.0"
      }
    },
    "whatwg-fetch": {
      "version": "3.0.0",
      "resolved": "https://registry.npmjs.org/whatwg-fetch/-/whatwg-fetch-3.0.0.tgz",
      "integrity": "sha512-9GSJUgz1D4MfyKU7KRqwOjXCXTqWdFNvEr7eUBYchQiVc744mqK/MzXPNR2WsPkmkOa4ywfg8C2n8h+13Bey1Q=="
    },
    "zscroller": {
      "version": "0.4.8",
      "resolved": "https://registry.npmjs.org/zscroller/-/zscroller-0.4.8.tgz",
      "integrity": "sha512-G5NiNLKx2+QhhvZi2yV1jjVXY50otktxkseX2hG2N/eixohOUk0AY8ZpbAxNqS9oJS/NxItCsowupy2tsXxAMw==",
      "requires": {
        "babel-runtime": "6.x"
      }
    }
  }
}
