
Microsoft Visual Studio Solution File, Format Version 12.00
# Visual Studio 15
VisualStudioVersion = 15.0.28307.539
MinimumVisualStudioVersion = 10.0.40219.1
Project("{FAE04EC0-301F-11D3-BF4B-00C04F79EFBC}") = "EJ2AmazonS3ASPCoreFileProvider", "EJ2AmazonS3ASPCoreFileProvider.csproj", "{9F6F2E64-1C52-4804-8CCF-65E44EAB9927}"
EndProject
Global
	GlobalSection(SolutionConfigurationPlatforms) = preSolution
		Debug|Any CPU = Debug|Any CPU
		Release|Any CPU = Release|Any CPU
	EndGlobalSection
	GlobalSection(ProjectConfigurationPlatforms) = postSolution
		{9F6F2E64-1C52-4804-8CCF-65E44EAB9927}.Debug|Any CPU.ActiveCfg = Debug|Any CPU
		{9F6F2E64-1C52-4804-8CCF-65E44EAB9927}.Debug|Any CPU.Build.0 = Debug|Any CPU
		{9F6F2E64-1C52-4804-8CCF-65E44EAB9927}.Release|Any CPU.ActiveCfg = Release|Any CPU
		{9F6F2E64-1C52-4804-8CCF-65E44EAB9927}.Release|Any CPU.Build.0 = Release|Any CPU
	EndGlobalSection
	GlobalSection(SolutionProperties) = preSolution
		HideSolutionNode = FALSE
	EndGlobalSection
	GlobalSection(ExtensibilityGlobals) = postSolution
		SolutionGuid = {927C5FB0-7127-4EFE-AB46-F45E09492501}
	EndGlobalSection
EndGlobal
